
Microsoft Visual Studio Solution File, Format Version 12.00
# Visual Studio Version 17
VisualStudioVersion = 17.5.33502.453
MinimumVisualStudioVersion = 10.0.40219.1
Project("{FAE04EC0-301F-11D3-BF4B-00C04F79EFBC}") = "DienLanh_FrontEnd", "DienLanh_FrontEnd\DienLanh_FrontEnd.csproj", "{16105327-B749-4E14-A84F-4B5FE86D022E}"
EndProject
Global
	GlobalSection(SolutionConfigurationPlatforms) = preSolution
		Debug|Any CPU = Debug|Any CPU
		Release|Any CPU = Release|Any CPU
	EndGlobalSection
	GlobalSection(ProjectConfigurationPlatforms) = postSolution
		{16105327-B749-4E14-A84F-4B5FE86D022E}.Debug|Any CPU.ActiveCfg = Debug|Any CPU
		{16105327-B749-4E14-A84F-4B5FE86D022E}.Debug|Any CPU.Build.0 = Debug|Any CPU
		{16105327-B749-4E14-A84F-4B5FE86D022E}.Release|Any CPU.ActiveCfg = Release|Any CPU
		{16105327-B749-4E14-A84F-4B5FE86D022E}.Release|Any CPU.Build.0 = Release|Any CPU
	EndGlobalSection
	GlobalSection(SolutionProperties) = preSolution
		HideSolutionNode = FALSE
	EndGlobalSection
	GlobalSection(ExtensibilityGlobals) = postSolution
		SolutionGuid = {BDE91EF4-011E-4A2A-B6DC-BEF6D247B226}
	EndGlobalSection
EndGlobal
