
Microsoft Visual Studio Solution File, Format Version 12.00
# Visual Studio Version 17
VisualStudioVersion = 17.5.33502.453
MinimumVisualStudioVersion = 10.0.40219.1
Project("{9A19103F-16F7-4668-BE54-9A1E7A4F7556}") = "DienLanh_BackEnd", "DienLanh_BackEnd\DienLanh_BackEnd.csproj", "{96432FE7-693F-4FB6-8EAB-2ED9F0DEA8BB}"
EndProject
Global
	GlobalSection(SolutionConfigurationPlatforms) = preSolution
		Debug|Any CPU = Debug|Any CPU
		Release|Any CPU = Release|Any CPU
	EndGlobalSection
	GlobalSection(ProjectConfigurationPlatforms) = postSolution
		{96432FE7-693F-4FB6-8EAB-2ED9F0DEA8BB}.Debug|Any CPU.ActiveCfg = Debug|Any CPU
		{96432FE7-693F-4FB6-8EAB-2ED9F0DEA8BB}.Debug|Any CPU.Build.0 = Debug|Any CPU
		{96432FE7-693F-4FB6-8EAB-2ED9F0DEA8BB}.Release|Any CPU.ActiveCfg = Release|Any CPU
		{96432FE7-693F-4FB6-8EAB-2ED9F0DEA8BB}.Release|Any CPU.Build.0 = Release|Any CPU
	EndGlobalSection
	GlobalSection(SolutionProperties) = preSolution
		HideSolutionNode = FALSE
	EndGlobalSection
	GlobalSection(ExtensibilityGlobals) = postSolution
		SolutionGuid = {0E34E94F-2CD5-4D62-90A3-3EFEA163F9C8}
	EndGlobalSection
EndGlobal
