
Microsoft Visual Studio Solution File, Format Version 12.00
# Visual Studio Version 17
VisualStudioVersion = 17.5.33502.453
MinimumVisualStudioVersion = 10.0.40219.1
Project("{FAE04EC0-301F-11D3-BF4B-00C04F79EFBC}") = "WebAPI_JWT_NET6_Base", "WebAPI_JWT_NET6_Base\WebAPI_JWT_NET6_Base.csproj", "{A2F88ECA-E91D-42DE-943D-438A7B36B13E}"
EndProject
Global
	GlobalSection(SolutionConfigurationPlatforms) = preSolution
		Debug|Any CPU = Debug|Any CPU
		Release|Any CPU = Release|Any CPU
	EndGlobalSection
	GlobalSection(ProjectConfigurationPlatforms) = postSolution
		{A2F88ECA-E91D-42DE-943D-438A7B36B13E}.Debug|Any CPU.ActiveCfg = Debug|Any CPU
		{A2F88ECA-E91D-42DE-943D-438A7B36B13E}.Debug|Any CPU.Build.0 = Debug|Any CPU
		{A2F88ECA-E91D-42DE-943D-438A7B36B13E}.Release|Any CPU.ActiveCfg = Release|Any CPU
		{A2F88ECA-E91D-42DE-943D-438A7B36B13E}.Release|Any CPU.Build.0 = Release|Any CPU
	EndGlobalSection
	GlobalSection(SolutionProperties) = preSolution
		HideSolutionNode = FALSE
	EndGlobalSection
	GlobalSection(ExtensibilityGlobals) = postSolution
		SolutionGuid = {0E34E94F-2CD5-4D62-90A3-3EFEA163F9C8}
	EndGlobalSection
EndGlobal
